PODS:
  - AFNetworking (4.0.1):
    - AFNetworking/NSURLSession (= 4.0.1)
    - AFNetworking/Reachability (= 4.0.1)
    - AFNetworking/Security (= 4.0.1)
    - AFNetworking/Serialization (= 4.0.1)
    - AFNetworking/UIKit (= 4.0.1)
  - AFNetworking/NSURLSession (4.0.1):
    - AFNetworking/Reachability
    - AFNetworking/Security
    - AFNetworking/Serialization
  - AFNetworking/Reachability (4.0.1)
  - AFNetworking/Security (4.0.1)
  - AFNetworking/Serialization (4.0.1)
  - AFNetworking/UIKit (4.0.1):
    - AFNetworking/NSURLSession
  - BRPickerView (2.9.9):
    - BRPickerView/All (= 2.9.9)
  - BRPickerView/All (2.9.9):
    - BRPickerView/Default
    - BRPickerView/Deprecated
  - BRPickerView/Core (2.9.9)
  - BRPickerView/DatePicker (2.9.9):
    - BRPickerView/Core
  - BRPickerView/Default (2.9.9):
    - BRPickerView/DatePicker
    - BRPickerView/TextPicker
  - BRPickerView/Deprecated (2.9.9):
    - BRPickerView/Core
    - BRPickerView/Deprecated/AddressPickerView (= 2.9.9)
    - BRPickerView/Deprecated/Base (= 2.9.9)
    - BRPickerView/Deprecated/StringPickerView (= 2.9.9)
  - BRPickerView/Deprecated/AddressPickerView (2.9.9):
    - BRPickerView/Core
    - BRPickerView/Deprecated/Base
  - BRPickerView/Deprecated/Base (2.9.9):
    - BRPickerView/Core
  - BRPickerView/Deprecated/StringPickerView (2.9.9):
    - BRPickerView/Core
    - BRPickerView/Deprecated/Base
  - BRPickerView/TextPicker (2.9.9):
    - BRPickerView/Core
  - CocoaAsyncSocket (7.6.5)
  - IQKeyboardManager (6.5.19)
  - Masonry (1.1.0)
  - MBProgressHUD (1.2.0)
  - MQTTClient/Min (0.15.4)
  - MQTTClient/Websocket (0.15.4):
    - MQTTClient/Min
    - SocketRocket
  - QuecAutomateKit (0.3.0):
    - QuecDeviceKit
    - QuecFoundationKit
    - QuecLogKit
    - QuecNetworkChannelKit
    - QuecSdkConfig
    - YYModel
  - QuecBleChannelKit (2.0.9):
    - QuecCommonUtil
    - QuecFoundationKit
    - QuecLogKit
  - QuecCommonUtil (1.0.2):
    - QuecFoundationKit
    - QuecLogKit
  - QuecConnectivityKit (0.4.3)
  - QuecDeviceKit (2.2.6):
    - QuecCommonUtil
    - QuecConnectivityKit
    - QuecFoundationKit
    - QuecIotChannelKit
    - QuecLogKit
    - QuecNetworkChannelKit
    - QuecSdkConfig
    - YYModel (~> 1.0.4)
  - QuecFoundationKit (1.0.4)
  - QuecGroupKit (0.5.3):
    - QuecDeviceKit
    - QuecFoundationKit
    - QuecIotChannelKit
    - QuecNetworkChannelKit
    - QuecSdkConfig
    - YYModel
  - QuecIotChannelKit (0.9.2):
    - QuecBleChannelKit
    - QuecCommonUtil
    - QuecConnectivityKit
    - QuecFoundationKit
    - QuecLogKit
    - QuecMQTTChannelKit
    - QuecNetworkChannelKit
    - QuecSdkConfig
    - QuecSocketChannelKit
    - QuecWebSocketChannelKit
    - YYModel
  - QuecIotSdk (3.3.3):
    - QuecBleChannelKit (= 2.0.9)
    - QuecCommonUtil (= 1.0.2)
    - QuecConnectivityKit (= 0.4.3)
    - QuecDeviceKit (= 2.2.6)
    - QuecFoundationKit (= 1.0.4)
    - QuecIotChannelKit (= 0.9.2)
    - QuecLogKit (= 2.1.0)
    - QuecMQTTChannelKit (= 0.0.9)
    - QuecNetworkChannelKit (= 1.2.0)
    - QuecOTAUpgradeKit (= 1.1.1)
    - QuecSdkConfig (= 0.4.4)
    - QuecSmartConfigKit (= 1.0.2)
    - QuecSocketChannelKit (= 0.2.2)
    - QuecUserKit (= 1.6.5)
    - QuecWebSocketChannelKit (= 0.2.7)
    - YYModel (= 1.0.4)
  - QuecLogKit (2.1.0)
  - QuecMQTTChannelKit (0.0.9):
    - MQTTClient/Websocket
    - QuecCommonUtil
    - QuecFoundationKit
    - QuecLogKit
    - QuecSdkConfig
    - SocketRocket
    - YYModel
  - QuecNetworkChannelKit (1.2.0):
    - AFNetworking
    - QuecLogKit
  - QuecOTAUpgradeKit (1.1.1):
    - QuecBleChannelKit
    - QuecCommonUtil
    - QuecConnectivityKit
    - QuecDeviceKit
    - QuecFoundationKit
    - QuecLogKit
    - QuecNetworkChannelKit
    - QuecSdkConfig
    - YYModel (~> 1.0.4)
  - QuecSceneKit (0.4.0):
    - QuecDeviceKit
    - QuecFoundationKit
    - QuecNetworkChannelKit
    - QuecSdkConfig
    - YYModel (~> 1.0.4)
  - QuecSdkConfig (0.4.4)
  - QuecSmartConfigKit (1.0.2):
    - QuecBleChannelKit
    - QuecCommonUtil
    - QuecDeviceKit
    - QuecFoundationKit
    - QuecIotChannelKit
    - QuecLogKit
    - QuecSdkConfig
    - YYModel
  - QuecSmartHomeKit (2.1.0):
    - QuecConnectivityKit
    - QuecDeviceKit
    - QuecFoundationKit
    - QuecNetworkChannelKit
    - QuecSdkConfig
    - YYModel
  - QuecSocketChannelKit (0.2.2):
    - CocoaAsyncSocket (~> 7.6.5)
    - QuecCommonUtil
    - QuecFoundationKit
    - QuecLogKit
  - QuecUserKit (1.6.5):
    - QuecFoundationKit
    - QuecLogKit
    - QuecNetworkChannelKit
    - QuecSdkConfig
    - YYModel (~> 1.0.4)
  - QuecWebSocketChannelKit (0.2.7):
    - QuecCommonUtil
    - QuecFoundationKit
    - QuecLogKit
    - QuecSdkConfig
    - SocketRocket
    - YYModel
  - SDWebImage (5.11.1):
    - SDWebImage/Core (= 5.11.1)
  - SDWebImage/Core (5.11.1)
  - SocketRocket (0.7.1)
  - Toast (4.0.0)
  - YYModel (1.0.4)

DEPENDENCIES:
  - BRPickerView
  - IQKeyboardManager
  - Masonry
  - MBProgressHUD (~> 1.2.0)
  - QuecAutomateKit (~> 0.3.0)
  - QuecGroupKit (~> 0.5.3)
  - QuecIotSdk (= 3.3.3)
  - QuecSceneKit (~> 0.4.0)
  - QuecSmartHomeKit (~> 2.1.0)
  - SDWebImage (~> 5.11.1)
  - Toast (~> 4.0.0)

SPEC REPOS:
  https://github.com/CocoaPods/Specs.git:
    - AFNetworking
    - BRPickerView
    - CocoaAsyncSocket
    - IQKeyboardManager
    - Masonry
    - MBProgressHUD
    - SDWebImage
    - SocketRocket
    - Toast
    - YYModel
  https://github.com/thridparty-cloud2/QuecPublicSpecs.git:
    - MQTTClient
    - QuecAutomateKit
    - QuecBleChannelKit
    - QuecCommonUtil
    - QuecConnectivityKit
    - QuecDeviceKit
    - QuecFoundationKit
    - QuecGroupKit
    - QuecIotChannelKit
    - QuecIotSdk
    - QuecLogKit
    - QuecMQTTChannelKit
    - QuecNetworkChannelKit
    - QuecOTAUpgradeKit
    - QuecSceneKit
    - QuecSdkConfig
    - QuecSmartConfigKit
    - QuecSmartHomeKit
    - QuecSocketChannelKit
    - QuecUserKit
    - QuecWebSocketChannelKit

SPEC CHECKSUMS:
  AFNetworking: 3bd23d814e976cd148d7d44c3ab78017b744cd58
  BRPickerView: 84b2effb81f3b9ebd27f1d31de867ae0b37024f7
  CocoaAsyncSocket: 065fd1e645c7abab64f7a6a2007a48038fdc6a99
  IQKeyboardManager: c8665b3396bd0b79402b4c573eac345a31c7d485
  Masonry: 678fab65091a9290e40e2832a55e7ab731aad201
  MBProgressHUD: 3ee5efcc380f6a79a7cc9b363dd669c5e1ae7406
  MQTTClient: a1006050a14baf983a58e83f216beef24b263b90
  QuecAutomateKit: a415410b40af8c3040d8cc9b63432753823d4f49
  QuecBleChannelKit: 83f498bc878ed33bafe733fc128cdb80565c5359
  QuecCommonUtil: e65de41515e866d359913b93bb0340a709a964fe
  QuecConnectivityKit: d0ab6d2ed42bc44563d0abb545bffeebb4f9c0ca
  QuecDeviceKit: 55582a231d3884866b99d0ae50fb9a6b7c7ab2e1
  QuecFoundationKit: 43962fe900d8722ccd606fee90b0c4e98287a244
  QuecGroupKit: 4948bc5594bbca838035bfca6b298b231e1860d6
  QuecIotChannelKit: 0b341b05a016e19c29e01670ce4c26ef0c2b474e
  QuecIotSdk: adbd7e7dbb160f0c7708ff8ff5d8bd13acafc564
  QuecLogKit: 4307cb5aada565905a300a0592b258239231865b
  QuecMQTTChannelKit: 097ebd989d979ddc48538c0b1ec8999bfcdde27f
  QuecNetworkChannelKit: bf970bd64651185879ad4f06e8eb341634684135
  QuecOTAUpgradeKit: 2877d3007803d3b6c437daed8c600b18a48f0d69
  QuecSceneKit: e91a18a5d666266431feeb07c134a77341c90fa6
  QuecSdkConfig: a4b96468bd267a9be0c859a13fc306e0106d9708
  QuecSmartConfigKit: b91039513c3ffbb32cd8799ea3f3942b04ee565e
  QuecSmartHomeKit: 01c3b5cb81f6f9b535af2f5fb29991d60288d04e
  QuecSocketChannelKit: 7a88ef4d91ad65cd2fd5288e1eb1a0cf24b79213
  QuecUserKit: 9612606bf8c3173c5c75f6b5f45ba2951272863f
  QuecWebSocketChannelKit: 536607e9daa381e2fa34c408ccc59b5ca3719b66
  SDWebImage: a7f831e1a65eb5e285e3fb046a23fcfbf08e696d
  SocketRocket: d4aabe649be1e368d1318fdf28a022d714d65748
  Toast: 91b396c56ee72a5790816f40d3a94dd357abc196
  YYModel: 2a7fdd96aaa4b86a824e26d0c517de8928c04b30

PODFILE CHECKSUM: da56720ed8a7288787c8a406feb8e96045e96531

COCOAPODS: 1.16.0
