PODS:
  - AFNetworking (4.0.1):
    - AFNetworking/NSURLSession (= 4.0.1)
    - AFNetworking/Reachability (= 4.0.1)
    - AFNetworking/Security (= 4.0.1)
    - AFNetworking/Serialization (= 4.0.1)
    - AFNetworking/UIKit (= 4.0.1)
  - AFNetworking/NSURLSession (4.0.1):
    - AFNetworking/Reachability
    - AFNetworking/Security
    - AFNetworking/Serialization
  - AFNetworking/Reachability (4.0.1)
  - AFNetworking/Security (4.0.1)
  - AFNetworking/Serialization (4.0.1)
  - AFNetworking/UIKit (4.0.1):
    - AFNetworking/NSURLSession
  - BRPickerView (2.9.1):
    - BRPickerView/All (= 2.9.1)
  - BRPickerView/All (2.9.1):
    - BRPickerView/Default
    - BRPickerView/Deprecated
  - BRPickerView/Core (2.9.1)
  - BRPickerView/DatePicker (2.9.1):
    - BRPickerView/Core
  - BRPickerView/Default (2.9.1):
    - BRPickerView/DatePicker
    - BRPickerView/TextPicker
  - BRPickerView/Deprecated (2.9.1):
    - BRPickerView/Core
    - BRPickerView/Deprecated/AddressPickerView (= 2.9.1)
    - BRPickerView/Deprecated/Base (= 2.9.1)
    - BRPickerView/Deprecated/StringPickerView (= 2.9.1)
  - BRPickerView/Deprecated/AddressPickerView (2.9.1):
    - BRPickerView/Core
    - BRPickerView/Deprecated/Base
  - BRPickerView/Deprecated/Base (2.9.1):
    - BRPickerView/Core
  - BRPickerView/Deprecated/StringPickerView (2.9.1):
    - BRPickerView/Core
    - BRPickerView/Deprecated/Base
  - BRPickerView/TextPicker (2.9.1):
    - BRPickerView/Core
  - CocoaAsyncSocket (7.6.5)
  - IQKeyboardManager (6.5.19)
  - Masonry (1.1.0)
  - MBProgressHUD (1.2.0)
  - MQTTClient (0.15.4):
    - MQTTClient/Core (= 0.15.4)
  - MQTTClient/Core (0.15.4):
    - MQTTClient/Manager
    - MQTTClient/Min
  - MQTTClient/Manager (0.15.4):
    - MQTTClient/Min
  - MQTTClient/Min (0.15.4)
  - MQTTClient/Websocket (0.15.4):
    - MQTTClient/Min
    - SocketRocket
  - QuecBleChannelKit (1.4.4):
    - QuecCommonUtil
    - QuecFoundationKit
    - QuecLogKit
  - QuecCommonUtil (0.3.9):
    - QuecFoundationKit
  - QuecConnectivityKit (0.3.0)
  - QuecDeviceKit (1.8.2):
    - QuecCommonUtil
    - QuecConnectivityKit
    - QuecFoundationKit
    - QuecIotChannelKit
    - QuecNetworkChannelKit
    - QuecSdkConfig
    - YYModel (~> 1.0.4)
  - QuecFoundationKit (0.8.7)
  - QuecIotChannelKit (0.6.7):
    - QuecBleChannelKit
    - QuecCommonUtil
    - QuecConnectivityKit
    - QuecFoundationKit
    - QuecLogKit
    - QuecMQTTChannelKit
    - QuecNetworkChannelKit
    - QuecSdkConfig
    - QuecSocketChannelKit
    - QuecWebSocketChannelKit
    - YYModel
  - QuecIotSdk (1.12.0-beta.4):
    - QuecBleChannelKit (= 1.4.4)
    - QuecCommonUtil (= 0.3.9)
    - QuecConnectivityKit (= 0.3.0)
    - QuecDeviceKit (= 1.8.2)
    - QuecFoundationKit (= 0.8.7)
    - QuecIotChannelKit (= 0.6.7)
    - QuecLogKit (= 1.3.0)
    - QuecMQTTChannelKit (= 0.0.6)
    - QuecNetworkChannelKit (= 1.1.7)
    - QuecOTAUpgradeKit (= 0.0.3)
    - QuecSdkConfig (= 0.4.2)
    - QuecSmartConfigKit (= 0.1.0)
    - QuecSocketChannelKit (= 0.1.6)
    - QuecUserKit (= 1.4.9)
    - QuecWebSocketChannelKit (= 0.2.5)
  - QuecLogKit (1.3.0)
  - QuecMQTTChannelKit (0.0.6):
    - MQTTClient/Websocket
    - QuecCommonUtil
    - QuecFoundationKit
    - QuecLogKit
    - QuecSdkConfig
    - SocketRocket
    - YYModel
  - QuecNetworkChannelKit (1.1.7):
    - AFNetworking
    - QuecLogKit
  - QuecOTAUpgradeKit (0.0.3):
    - QuecBleChannelKit
    - QuecCommonUtil
    - QuecDeviceKit
    - QuecFoundationKit
    - QuecLogKit
    - QuecNetworkChannelKit
    - QuecSdkConfig
    - YYModel (~> 1.0.4)
  - QuecSdkConfig (0.4.2)
  - QuecSmartConfigKit (0.1.0):
    - QuecBleChannelKit
    - QuecCommonUtil
    - QuecDeviceKit
    - QuecFoundationKit
    - QuecLogKit
    - QuecSdkConfig
    - YYModel
  - QuecSocketChannelKit (0.1.6):
    - CocoaAsyncSocket (~> 7.6.5)
    - QuecCommonUtil
    - QuecFoundationKit
    - QuecLogKit
  - QuecUserKit (1.4.9):
    - QuecFoundationKit
    - QuecLogKit
    - QuecNetworkChannelKit
    - QuecSdkConfig
    - YYModel (~> 1.0.4)
  - QuecWebSocketChannelKit (0.2.5):
    - QuecCommonUtil
    - QuecFoundationKit
    - QuecLogKit
    - QuecSdkConfig
    - SocketRocket
    - YYModel
  - SDWebImage (5.11.1):
    - SDWebImage/Core (= 5.11.1)
  - SDWebImage/Core (5.11.1)
  - SocketRocket (0.7.1)
  - Toast (4.0.0)
  - YYModel (1.0.4)

DEPENDENCIES:
  - BRPickerView
  - IQKeyboardManager
  - Masonry
  - MBProgressHUD (~> 1.2.0)
  - MQTTClient (~> 0.15.4)
  - QuecIotSdk (~> 1.12.0-beta.4)
  - SDWebImage (~> 5.11.1)
  - Toast (~> 4.0.0)

SPEC REPOS:
  https://github.com/CocoaPods/Specs.git:
    - AFNetworking
    - BRPickerView
    - CocoaAsyncSocket
    - IQKeyboardManager
    - Masonry
    - MBProgressHUD
    - SDWebImage
    - SocketRocket
    - Toast
    - YYModel
  https://github.com/thridparty-cloud2/QuecPublicSpecs.git:
    - MQTTClient
    - QuecBleChannelKit
    - QuecCommonUtil
    - QuecConnectivityKit
    - QuecDeviceKit
    - QuecFoundationKit
    - QuecIotChannelKit
    - QuecIotSdk
    - QuecLogKit
    - QuecMQTTChannelKit
    - QuecNetworkChannelKit
    - QuecOTAUpgradeKit
    - QuecSdkConfig
    - QuecSmartConfigKit
    - QuecSocketChannelKit
    - QuecUserKit
    - QuecWebSocketChannelKit

SPEC CHECKSUMS:
  AFNetworking: 3bd23d814e976cd148d7d44c3ab78017b744cd58
  BRPickerView: 6dd69ea2c48e0a0abf1d197a705050e13143ee63
  CocoaAsyncSocket: 065fd1e645c7abab64f7a6a2007a48038fdc6a99
  IQKeyboardManager: c8665b3396bd0b79402b4c573eac345a31c7d485
  Masonry: 678fab65091a9290e40e2832a55e7ab731aad201
  MBProgressHUD: 3ee5efcc380f6a79a7cc9b363dd669c5e1ae7406
  MQTTClient: a1006050a14baf983a58e83f216beef24b263b90
  QuecBleChannelKit: 963d9586f7c2e702abd681811eb18756589e5fe2
  QuecCommonUtil: 79d01ddc5f37d835a8f2b6c560b891328367517c
  QuecConnectivityKit: 14179c782dab59716921179b44a48d7770fb493c
  QuecDeviceKit: b780bd10305438ce22021d347055e1f0420788b0
  QuecFoundationKit: 8b05637404a0012a66e3219206019f06d60a91ec
  QuecIotChannelKit: 452d3cf9be8e048f4b0117597fefbc6a9ea2f219
  QuecIotSdk: f748cd10f7e71f328c7bf6b52d8571c455c4cd1b
  QuecLogKit: 165abb8e6ece4381cddade539c9d45e923a22c53
  QuecMQTTChannelKit: 5e29253407c339e9b0ddf3da269695466098d47e
  QuecNetworkChannelKit: 3c714167b7f88606b7ad931deab670badf92c7c5
  QuecOTAUpgradeKit: 0d0b2602fa5bb9cd98f28ba5a65779d85e58dbd6
  QuecSdkConfig: d1039d876a081d358f4fc07bde96f5af51be0421
  QuecSmartConfigKit: fade200e2bf33956fd9b2e7391d87d8a8bb0ea5c
  QuecSocketChannelKit: ca3ddb24f80cbbd2c2d4ae6588fcaa85d69d60f8
  QuecUserKit: 2c1f824ae617022b7e9bce499d402f87c75646a3
  QuecWebSocketChannelKit: b271bcd7f26cd6cfd8a74d2eb3ab3bc9939d79d0
  SDWebImage: a7f831e1a65eb5e285e3fb046a23fcfbf08e696d
  SocketRocket: d4aabe649be1e368d1318fdf28a022d714d65748
  Toast: 91b396c56ee72a5790816f40d3a94dd357abc196
  YYModel: 2a7fdd96aaa4b86a824e26d0c517de8928c04b30

PODFILE CHECKSUM: 88a1df39a41bf42a1d21536c4eb742c792fa4520

COCOAPODS: 1.15.2
